// !$*UTF8*$!
{
	archiveVersion = 1;
	classes = {
	};
	objectVersion = 46;
	objects = {

/* Begin PBXBuildFile section */
		100B349BEC587F0B43066601 /* libPods-WindyModules.a in Frameworks */ = {isa = PBXBuildFile; fileRef = 95814E44881260FCD941C6D2 /* libPods-WindyModules.a */; };
		EC8EA9E31C74609C000669C0 /* TestViewController.m in Sources */ = {isa = PBXBuildFile; fileRef = EC8EA9E21C74609C000669C0 /* TestViewController.m */; };
		EC8EA9ED1C78A08F000669C0 /* UsersProfileViewController.m in Sources */ = {isa = PBXBuildFile; fileRef = EC8EA9EC1C78A08F000669C0 /* UsersProfileViewController.m */; };
		EC8EA9EF1C798D50000669C0 /* Assets.xcassets in Resources */ = {isa = PBXBuildFile; fileRef = EC8EA9EE1C798D50000669C0 /* Assets.xcassets */; };
		EC8EA9F71C7AE6EB000669C0 /* UserListViewController.m in Sources */ = {isa = PBXBuildFile; fileRef = EC8EA9F61C7AE6EB000669C0 /* UserListViewController.m */; };
		EC8EA9FA1C7AEA0D000669C0 /* UserListTableCell.m in Sources */ = {isa = PBXBuildFile; fileRef = EC8EA9F91C7AEA0D000669C0 /* UserListTableCell.m */; };
		EC8EAA031C7AFB30000669C0 /* SpotFeedbackViewController.m in Sources */ = {isa = PBXBuildFile; fileRef = EC8EAA021C7AFB30000669C0 /* SpotFeedbackViewController.m */; };
		EC8EAA061C7B1D4D000669C0 /* SpotFeedbackTableViewCell.m in Sources */ = {isa = PBXBuildFile; fileRef = EC8EAA051C7B1D4D000669C0 /* SpotFeedbackTableViewCell.m */; };
		ECA84FDB1C6FC6FD00B7A47D /* MyProfileViewController.m in Sources */ = {isa = PBXBuildFile; fileRef = ECA84FDA1C6FC6FD00B7A47D /* MyProfileViewController.m */; };
		ECA84FE11C70207400B7A47D /* UIColor+AllColors.m in Sources */ = {isa = PBXBuildFile; fileRef = ECA84FE01C70207400B7A47D /* UIColor+AllColors.m */; };
		FB4A45561C6FB68B005CF95C /* main.m in Sources */ = {isa = PBXBuildFile; fileRef = FB4A45551C6FB68B005CF95C /* main.m */; };
		FB4A45591C6FB68B005CF95C /* AppDelegate.m in Sources */ = {isa = PBXBuildFile; fileRef = FB4A45581C6FB68B005CF95C /* AppDelegate.m */; };
		FB4A456F1C6FB6E3005CF95C /* ExampleTableWireframe.m in Sources */ = {isa = PBXBuildFile; fileRef = FB4A456E1C6FB6E3005CF95C /* ExampleTableWireframe.m */; };
		FB4A45721C6FB6F0005CF95C /* ExampleTablePresenter.m in Sources */ = {isa = PBXBuildFile; fileRef = FB4A45711C6FB6F0005CF95C /* ExampleTablePresenter.m */; };
		FB4A45751C6FB6FF005CF95C /* ExampleTableInteractor.m in Sources */ = {isa = PBXBuildFile; fileRef = FB4A45741C6FB6FF005CF95C /* ExampleTableInteractor.m */; };
		FB4A45781C6FB710005CF95C /* ExampleTableView.m in Sources */ = {isa = PBXBuildFile; fileRef = FB4A45771C6FB710005CF95C /* ExampleTableView.m */; };
		FB4A457C1C6FBB66005CF95C /* ExampleTableViewCell.m in Sources */ = {isa = PBXBuildFile; fileRef = FB4A457B1C6FBB66005CF95C /* ExampleTableViewCell.m */; };
/* End PBXBuildFile section */

/* Begin PBXFileReference section */
		9012BE71F1674365B26042F6 /* Pods-WindyModules.release.xcconfig */ = {isa = PBXFileReference; includeInIndex = 1; lastKnownFileType = text.xcconfig; name = "Pods-WindyModules.release.xcconfig"; path = "Pods/Target Support Files/Pods-WindyModules/Pods-WindyModules.release.xcconfig"; sourceTree = "<group>"; };
		95814E44881260FCD941C6D2 /* libPods-WindyModules.a */ = {isa = PBXFileReference; explicitFileType = archive.ar; includeInIndex = 0; path = "libPods-WindyModules.a"; sourceTree = BUILT_PRODUCTS_DIR; };
		CB79FE431AD4F17E5FE37374 /* Pods-WindyModules.debug.xcconfig */ = {isa = PBXFileReference; includeInIndex = 1; lastKnownFileType = text.xcconfig; name = "Pods-WindyModules.debug.xcconfig"; path = "Pods/Target Support Files/Pods-WindyModules/Pods-WindyModules.debug.xcconfig"; sourceTree = "<group>"; };
		EC8EA9E11C74609C000669C0 /* TestViewController.h */ = {isa = PBXFileReference; fileEncoding = 4; lastKnownFileType = sourcecode.c.h; path = TestViewController.h; sourceTree = "<group>"; };
		EC8EA9E21C74609C000669C0 /* TestViewController.m */ = {isa = PBXFileReference; fileEncoding = 4; lastKnownFileType = sourcecode.c.objc; path = TestViewController.m; sourceTree = "<group>"; };
		EC8EA9EB1C78A08F000669C0 /* UsersProfileViewController.h */ = {isa = PBXFileReference; fileEncoding = 4; lastKnownFileType = sourcecode.c.h; path = UsersProfileViewController.h; sourceTree = "<group>"; };
		EC8EA9EC1C78A08F000669C0 /* UsersProfileViewController.m */ = {isa = PBXFileReference; fileEncoding = 4; lastKnownFileType = sourcecode.c.objc; path = UsersProfileViewController.m; sourceTree = "<group>"; };
		EC8EA9EE1C798D50000669C0 /* Assets.xcassets */ = {isa = PBXFileReference; lastKnownFileType = folder.assetcatalog; path = Assets.xcassets; sourceTree = "<group>"; };
		EC8EA9F51C7AE6EB000669C0 /* UserListViewController.h */ = {isa = PBXFileReference; fileEncoding = 4; lastKnownFileType = sourcecode.c.h; path = UserListViewController.h; sourceTree = "<group>"; };
		EC8EA9F61C7AE6EB000669C0 /* UserListViewController.m */ = {isa = PBXFileReference; fileEncoding = 4; lastKnownFileType = sourcecode.c.objc; path = UserListViewController.m; sourceTree = "<group>"; };
		EC8EA9F81C7AEA0D000669C0 /* UserListTableCell.h */ = {isa = PBXFileReference; fileEncoding = 4; lastKnownFileType = sourcecode.c.h; path = UserListTableCell.h; sourceTree = "<group>"; };
		EC8EA9F91C7AEA0D000669C0 /* UserListTableCell.m */ = {isa = PBXFileReference; fileEncoding = 4; lastKnownFileType = sourcecode.c.objc; path = UserListTableCell.m; sourceTree = "<group>"; };
		EC8EAA011C7AFB30000669C0 /* SpotFeedbackViewController.h */ = {isa = PBXFileReference; fileEncoding = 4; lastKnownFileType = sourcecode.c.h; path = SpotFeedbackViewController.h; sourceTree = "<group>"; };
		EC8EAA021C7AFB30000669C0 /* SpotFeedbackViewController.m */ = {isa = PBXFileReference; fileEncoding = 4; lastKnownFileType = sourcecode.c.objc; path = SpotFeedbackViewController.m; sourceTree = "<group>"; };
		EC8EAA041C7B1D4D000669C0 /* SpotFeedbackTableViewCell.h */ = {isa = PBXFileReference; fileEncoding = 4; lastKnownFileType = sourcecode.c.h; path = SpotFeedbackTableViewCell.h; sourceTree = "<group>"; };
		EC8EAA051C7B1D4D000669C0 /* SpotFeedbackTableViewCell.m */ = {isa = PBXFileReference; fileEncoding = 4; lastKnownFileType = sourcecode.c.objc; path = SpotFeedbackTableViewCell.m; sourceTree = "<group>"; };
		ECA84FD91C6FC6FD00B7A47D /* MyProfileViewController.h */ = {isa = PBXFileReference; fileEncoding = 4; lastKnownFileType = sourcecode.c.h; path = MyProfileViewController.h; sourceTree = "<group>"; };
		ECA84FDA1C6FC6FD00B7A47D /* MyProfileViewController.m */ = {isa = PBXFileReference; fileEncoding = 4; lastKnownFileType = sourcecode.c.objc; path = MyProfileViewController.m; sourceTree = "<group>"; };
		ECA84FDF1C70207400B7A47D /* UIColor+AllColors.h */ = {isa = PBXFileReference; fileEncoding = 4; lastKnownFileType = sourcecode.c.h; path = "UIColor+AllColors.h"; sourceTree = "<group>"; };
		ECA84FE01C70207400B7A47D /* UIColor+AllColors.m */ = {isa = PBXFileReference; fileEncoding = 4; lastKnownFileType = sourcecode.c.objc; path = "UIColor+AllColors.m"; sourceTree = "<group>"; };
		FB4A45511C6FB68B005CF95C /* WindyModules.app */ = {isa = PBXFileReference; explicitFileType = wrapper.application; includeInIndex = 0; path = WindyModules.app; sourceTree = BUILT_PRODUCTS_DIR; };
		FB4A45551C6FB68B005CF95C /* main.m */ = {isa = PBXFileReference; lastKnownFileType = sourcecode.c.objc; path = main.m; sourceTree = "<group>"; };
		FB4A45571C6FB68B005CF95C /* AppDelegate.h */ = {isa = PBXFileReference; lastKnownFileType = sourcecode.c.h; path = AppDelegate.h; sourceTree = "<group>"; };
		FB4A45581C6FB68B005CF95C /* AppDelegate.m */ = {isa = PBXFileReference; lastKnownFileType = sourcecode.c.objc; path = AppDelegate.m; sourceTree = "<group>"; };
		FB4A45651C6FB68B005CF95C /* Info.plist */ = {isa = PBXFileReference; lastKnownFileType = text.plist.xml; path = Info.plist; sourceTree = "<group>"; };
		FB4A456D1C6FB6E3005CF95C /* ExampleTableWireframe.h */ = {isa = PBXFileReference; fileEncoding = 4; lastKnownFileType = sourcecode.c.h; path = ExampleTableWireframe.h; sourceTree = "<group>"; };
		FB4A456E1C6FB6E3005CF95C /* ExampleTableWireframe.m */ = {isa = PBXFileReference; fileEncoding = 4; lastKnownFileType = sourcecode.c.objc; path = ExampleTableWireframe.m; sourceTree = "<group>"; };
		FB4A45701C6FB6F0005CF95C /* ExampleTablePresenter.h */ = {isa = PBXFileReference; fileEncoding = 4; lastKnownFileType = sourcecode.c.h; name = ExampleTablePresenter.h; path = ../ExampleTablePresenter.h; sourceTree = "<group>"; };
		FB4A45711C6FB6F0005CF95C /* ExampleTablePresenter.m */ = {isa = PBXFileReference; fileEncoding = 4; lastKnownFileType = sourcecode.c.objc; name = ExampleTablePresenter.m; path = ../ExampleTablePresenter.m; sourceTree = "<group>"; };
		FB4A45731C6FB6FF005CF95C /* ExampleTableInteractor.h */ = {isa = PBXFileReference; fileEncoding = 4; lastKnownFileType = sourcecode.c.h; path = ExampleTableInteractor.h; sourceTree = "<group>"; };
		FB4A45741C6FB6FF005CF95C /* ExampleTableInteractor.m */ = {isa = PBXFileReference; fileEncoding = 4; lastKnownFileType = sourcecode.c.objc; path = ExampleTableInteractor.m; sourceTree = "<group>"; };
		FB4A45761C6FB710005CF95C /* ExampleTableView.h */ = {isa = PBXFileReference; fileEncoding = 4; lastKnownFileType = sourcecode.c.h; path = ExampleTableView.h; sourceTree = "<group>"; };
		FB4A45771C6FB710005CF95C /* ExampleTableView.m */ = {isa = PBXFileReference; fileEncoding = 4; lastKnownFileType = sourcecode.c.objc; path = ExampleTableView.m; sourceTree = "<group>"; };
		FB4A457A1C6FBB66005CF95C /* ExampleTableViewCell.h */ = {isa = PBXFileReference; fileEncoding = 4; lastKnownFileType = sourcecode.c.h; path = ExampleTableViewCell.h; sourceTree = "<group>"; };
		FB4A457B1C6FBB66005CF95C /* ExampleTableViewCell.m */ = {isa = PBXFileReference; fileEncoding = 4; lastKnownFileType = sourcecode.c.objc; path = ExampleTableViewCell.m; sourceTree = "<group>"; };
/* End PBXFileReference section */

/* Begin PBXFrameworksBuildPhase section */
		FB4A454E1C6FB68B005CF95C /* Frameworks */ = {
			isa = PBXFrameworksBuildPhase;
			buildActionMask = 2147483647;
			files = (
				100B349BEC587F0B43066601 /* libPods-WindyModules.a in Frameworks */,
			);
			runOnlyForDeploymentPostprocessing = 0;
		};
/* End PBXFrameworksBuildPhase section */

/* Begin PBXGroup section */
		823D17529AB5E3D1D722047B /* Pods */ = {
			isa = PBXGroup;
			children = (
				CB79FE431AD4F17E5FE37374 /* Pods-WindyModules.debug.xcconfig */,
				9012BE71F1674365B26042F6 /* Pods-WindyModules.release.xcconfig */,
			);
			name = Pods;
			sourceTree = "<group>";
		};
		EC8EA9E61C772C1D000669C0 /* User's profile */ = {
			isa = PBXGroup;
			children = (
				EC8EA9EA1C78A06F000669C0 /* View */,
				EC8EA9E91C78A066000669C0 /* Interactor */,
				EC8EA9E81C78A05F000669C0 /* Presenter */,
				EC8EA9E71C78A04D000669C0 /* Wireframe */,
			);
			name = "User's profile";
			sourceTree = "<group>";
		};
		EC8EA9E71C78A04D000669C0 /* Wireframe */ = {
			isa = PBXGroup;
			children = (
			);
			name = Wireframe;
			sourceTree = "<group>";
		};
		EC8EA9E81C78A05F000669C0 /* Presenter */ = {
			isa = PBXGroup;
			children = (
			);
			name = Presenter;
			sourceTree = "<group>";
		};
		EC8EA9E91C78A066000669C0 /* Interactor */ = {
			isa = PBXGroup;
			children = (
			);
			name = Interactor;
			sourceTree = "<group>";
		};
		EC8EA9EA1C78A06F000669C0 /* View */ = {
			isa = PBXGroup;
			children = (
				EC8EA9EB1C78A08F000669C0 /* UsersProfileViewController.h */,
				EC8EA9EC1C78A08F000669C0 /* UsersProfileViewController.m */,
			);
			name = View;
			sourceTree = "<group>";
		};
		EC8EA9F01C7AE6A1000669C0 /* UserList */ = {
			isa = PBXGroup;
			children = (
				EC8EA9F41C7AE6DB000669C0 /* View */,
				EC8EA9F31C7AE6D4000669C0 /* Interactor */,
				EC8EA9F21C7AE6CE000669C0 /* Presenter */,
				EC8EA9F11C7AE6C7000669C0 /* Wireframe */,
			);
			name = UserList;
			sourceTree = "<group>";
		};
		EC8EA9F11C7AE6C7000669C0 /* Wireframe */ = {
			isa = PBXGroup;
			children = (
			);
			name = Wireframe;
			sourceTree = "<group>";
		};
		EC8EA9F21C7AE6CE000669C0 /* Presenter */ = {
			isa = PBXGroup;
			children = (
			);
			name = Presenter;
			sourceTree = "<group>";
		};
		EC8EA9F31C7AE6D4000669C0 /* Interactor */ = {
			isa = PBXGroup;
			children = (
			);
			name = Interactor;
			sourceTree = "<group>";
		};
		EC8EA9F41C7AE6DB000669C0 /* View */ = {
			isa = PBXGroup;
			children = (
				EC8EA9F51C7AE6EB000669C0 /* UserListViewController.h */,
				EC8EA9F61C7AE6EB000669C0 /* UserListViewController.m */,
				EC8EA9F81C7AEA0D000669C0 /* UserListTableCell.h */,
				EC8EA9F91C7AEA0D000669C0 /* UserListTableCell.m */,
			);
			name = View;
			sourceTree = "<group>";
		};
		EC8EA9FB1C7AFACF000669C0 /* Spot Feedback */ = {
			isa = PBXGroup;
			children = (
				EC8EA9FF1C7AFAF6000669C0 /* View */,
				EC8EA9FE1C7AFAF0000669C0 /* Interactor */,
				EC8EA9FD1C7AFAEB000669C0 /* Presenter */,
				EC8EA9FC1C7AFAE4000669C0 /* Wireframe */,
			);
			name = "Spot Feedback";
			sourceTree = "<group>";
		};
		EC8EA9FC1C7AFAE4000669C0 /* Wireframe */ = {
			isa = PBXGroup;
			children = (
			);
			name = Wireframe;
			sourceTree = "<group>";
		};
		EC8EA9FD1C7AFAEB000669C0 /* Presenter */ = {
			isa = PBXGroup;
			children = (
			);
			name = Presenter;
			sourceTree = "<group>";
		};
		EC8EA9FE1C7AFAF0000669C0 /* Interactor */ = {
			isa = PBXGroup;
			children = (
			);
			name = Interactor;
			sourceTree = "<group>";
		};
		EC8EA9FF1C7AFAF6000669C0 /* View */ = {
			isa = PBXGroup;
			children = (
				EC8EAA011C7AFB30000669C0 /* SpotFeedbackViewController.h */,
				EC8EAA021C7AFB30000669C0 /* SpotFeedbackViewController.m */,
				EC8EAA041C7B1D4D000669C0 /* SpotFeedbackTableViewCell.h */,
				EC8EAA051C7B1D4D000669C0 /* SpotFeedbackTableViewCell.m */,
			);
			name = View;
			sourceTree = "<group>";
		};
		ECA84FD01C6FC31B00B7A47D /* Presenter */ = {
			isa = PBXGroup;
			children = (
				FB4A45701C6FB6F0005CF95C /* ExampleTablePresenter.h */,
				FB4A45711C6FB6F0005CF95C /* ExampleTablePresenter.m */,
			);
			name = Presenter;
			path = Cells;
			sourceTree = "<group>";
		};
		ECA84FD11C6FC33000B7A47D /* Interactor */ = {
			isa = PBXGroup;
			children = (
				FB4A45731C6FB6FF005CF95C /* ExampleTableInteractor.h */,
				FB4A45741C6FB6FF005CF95C /* ExampleTableInteractor.m */,
			);
			name = Interactor;
			sourceTree = "<group>";
		};
		ECA84FD21C6FC33800B7A47D /* Wireframe */ = {
			isa = PBXGroup;
			children = (
				FB4A456D1C6FB6E3005CF95C /* ExampleTableWireframe.h */,
				FB4A456E1C6FB6E3005CF95C /* ExampleTableWireframe.m */,
			);
			name = Wireframe;
			sourceTree = "<group>";
		};
		ECA84FD31C6FC36100B7A47D /* View */ = {
			isa = PBXGroup;
			children = (
				FB4A45761C6FB710005CF95C /* ExampleTableView.h */,
				FB4A45771C6FB710005CF95C /* ExampleTableView.m */,
				FB4A45791C6FBB4F005CF95C /* Cells */,
			);
			name = View;
			sourceTree = "<group>";
		};
		ECA84FD41C6FC69B00B7A47D /* MyProfile */ = {
			isa = PBXGroup;
			children = (
				ECA84FD81C6FC6D600B7A47D /* View */,
				ECA84FD71C6FC6CE00B7A47D /* Interactor */,
				ECA84FD61C6FC6C600B7A47D /* Presenter */,
				ECA84FD51C6FC6BF00B7A47D /* Wireframe */,
			);
			name = MyProfile;
			sourceTree = "<group>";
		};
		ECA84FD51C6FC6BF00B7A47D /* Wireframe */ = {
			isa = PBXGroup;
			children = (
			);
			name = Wireframe;
			sourceTree = "<group>";
		};
		ECA84FD61C6FC6C600B7A47D /* Presenter */ = {
			isa = PBXGroup;
			children = (
			);
			name = Presenter;
			sourceTree = "<group>";
		};
		ECA84FD71C6FC6CE00B7A47D /* Interactor */ = {
			isa = PBXGroup;
			children = (
			);
			name = Interactor;
			sourceTree = "<group>";
		};
		ECA84FD81C6FC6D600B7A47D /* View */ = {
			isa = PBXGroup;
			children = (
				ECA84FD91C6FC6FD00B7A47D /* MyProfileViewController.h */,
				ECA84FDA1C6FC6FD00B7A47D /* MyProfileViewController.m */,
				EC8EA9E11C74609C000669C0 /* TestViewController.h */,
				EC8EA9E21C74609C000669C0 /* TestViewController.m */,
			);
			name = View;
			sourceTree = "<group>";
		};
		F5A9A56EAF127B115451AD23 /* Frameworks */ = {
			isa = PBXGroup;
			children = (
				95814E44881260FCD941C6D2 /* libPods-WindyModules.a */,
			);
			name = Frameworks;
			sourceTree = "<group>";
		};
		FB4A45481C6FB68B005CF95C = {
			isa = PBXGroup;
			children = (
				FB4A45531C6FB68B005CF95C /* WindyModules */,
				FB4A45521C6FB68B005CF95C /* Products */,
				823D17529AB5E3D1D722047B /* Pods */,
				F5A9A56EAF127B115451AD23 /* Frameworks */,
			);
			sourceTree = "<group>";
		};
		FB4A45521C6FB68B005CF95C /* Products */ = {
			isa = PBXGroup;
			children = (
				FB4A45511C6FB68B005CF95C /* WindyModules.app */,
			);
			name = Products;
			sourceTree = "<group>";
		};
		FB4A45531C6FB68B005CF95C /* WindyModules */ = {
			isa = PBXGroup;
			children = (
				FB4A45571C6FB68B005CF95C /* AppDelegate.h */,
				FB4A45581C6FB68B005CF95C /* AppDelegate.m */,
				FB4A456B1C6FB6B8005CF95C /* Modules */,
				FB4A45541C6FB68B005CF95C /* Supporting Files */,
				ECA84FDF1C70207400B7A47D /* UIColor+AllColors.h */,
				ECA84FE01C70207400B7A47D /* UIColor+AllColors.m */,
			);
			path = WindyModules;
			sourceTree = "<group>";
		};
		FB4A45541C6FB68B005CF95C /* Supporting Files */ = {
			isa = PBXGroup;
			children = (
				EC8EA9EE1C798D50000669C0 /* Assets.xcassets */,
				FB4A45651C6FB68B005CF95C /* Info.plist */,
				FB4A45551C6FB68B005CF95C /* main.m */,
			);
			name = "Supporting Files";
			sourceTree = "<group>";
		};
		FB4A456B1C6FB6B8005CF95C /* Modules */ = {
			isa = PBXGroup;
			children = (
				ECA84FD41C6FC69B00B7A47D /* MyProfile */,
				EC8EA9E61C772C1D000669C0 /* User's profile */,
				EC8EA9F01C7AE6A1000669C0 /* UserList */,
				EC8EA9FB1C7AFACF000669C0 /* Spot Feedback */,
				FB4A456C1C6FB6D3005CF95C /* ExampleTableModule */,
			);
			path = Modules;
			sourceTree = "<group>";
		};
		FB4A456C1C6FB6D3005CF95C /* ExampleTableModule */ = {
			isa = PBXGroup;
			children = (
				ECA84FD31C6FC36100B7A47D /* View */,
				ECA84FD11C6FC33000B7A47D /* Interactor */,
				ECA84FD01C6FC31B00B7A47D /* Presenter */,
				ECA84FD21C6FC33800B7A47D /* Wireframe */,
			);
			path = ExampleTableModule;
			sourceTree = "<group>";
		};
		FB4A45791C6FBB4F005CF95C /* Cells */ = {
			isa = PBXGroup;
			children = (
				FB4A457A1C6FBB66005CF95C /* ExampleTableViewCell.h */,
				FB4A457B1C6FBB66005CF95C /* ExampleTableViewCell.m */,
			);
			path = Cells;
			sourceTree = "<group>";
		};
/* End PBXGroup section */

/* Begin PBXNativeTarget section */
		FB4A45501C6FB68B005CF95C /* WindyModules */ = {
			isa = PBXNativeTarget;
			buildConfigurationList = FB4A45681C6FB68B005CF95C /* Build configuration list for PBXNativeTarget "WindyModules" */;
			buildPhases = (
				A1E4F1192345D0D145220020 /* Check Pods Manifest.lock */,
				FB4A454D1C6FB68B005CF95C /* Sources */,
				FB4A454E1C6FB68B005CF95C /* Frameworks */,
				FB4A454F1C6FB68B005CF95C /* Resources */,
				93E948F6FA67F488485225A3 /* Embed Pods Frameworks */,
				2034CFBE0852C769898E9CBF /* Copy Pods Resources */,
			);
			buildRules = (
			);
			dependencies = (
			);
			name = WindyModules;
			productName = WindyModules;
			productReference = FB4A45511C6FB68B005CF95C /* WindyModules.app */;
			productType = "com.apple.product-type.application";
		};
/* End PBXNativeTarget section */

/* Begin PBXProject section */
		FB4A45491C6FB68B005CF95C /* Project object */ = {
			isa = PBXProject;
			attributes = {
				LastUpgradeCheck = 0720;
				ORGANIZATIONNAME = "Igor Kamenev";
				TargetAttributes = {
					FB4A45501C6FB68B005CF95C = {
						CreatedOnToolsVersion = 7.2;
					};
				};
			};
			buildConfigurationList = FB4A454C1C6FB68B005CF95C /* Build configuration list for PBXProject "WindyModules" */;
			compatibilityVersion = "Xcode 3.2";
			developmentRegion = English;
			hasScannedForEncodings = 0;
			knownRegions = (
				en,
				Base,
			);
			mainGroup = FB4A45481C6FB68B005CF95C;
			productRefGroup = FB4A45521C6FB68B005CF95C /* Products */;
			projectDirPath = "";
			projectRoot = "";
			targets = (
				FB4A45501C6FB68B005CF95C /* WindyModules */,
			);
		};
/* End PBXProject section */

/* Begin PBXResourcesBuildPhase section */
		FB4A454F1C6FB68B005CF95C /* Resources */ = {
			isa = PBXResourcesBuildPhase;
			buildActionMask = 2147483647;
			files = (
				EC8EA9EF1C798D50000669C0 /* Assets.xcassets in Resources */,
			);
			runOnlyForDeploymentPostprocessing = 0;
		};
/* End PBXResourcesBuildPhase section */

/* Begin PBXShellScriptBuildPhase section */
		2034CFBE0852C769898E9CBF /* Copy Pods Resources */ = {
			isa = PBXShellScriptBuildPhase;
			buildActionMask = 2147483647;
			files = (
			);
			inputPaths = (
			);
			name = "Copy Pods Resources";
			outputPaths = (
			);
			runOnlyForDeploymentPostprocessing = 0;
			shellPath = /bin/sh;
			shellScript = "\"${SRCROOT}/Pods/Target Support Files/Pods-WindyModules/Pods-WindyModules-resources.sh\"\n";
			showEnvVarsInLog = 0;
		};
		93E948F6FA67F488485225A3 /* Embed Pods Frameworks */ = {
			isa = PBXShellScriptBuildPhase;
			buildActionMask = 2147483647;
			files = (
			);
			inputPaths = (
			);
			name = "Embed Pods Frameworks";
			outputPaths = (
			);
			runOnlyForDeploymentPostprocessing = 0;
			shellPath = /bin/sh;
			shellScript = "\"${SRCROOT}/Pods/Target Support Files/Pods-WindyModules/Pods-WindyModules-frameworks.sh\"\n";
			showEnvVarsInLog = 0;
		};
		A1E4F1192345D0D145220020 /* Check Pods Manifest.lock */ = {
			isa = PBXShellScriptBuildPhase;
			buildActionMask = 2147483647;
			files = (
			);
			inputPaths = (
			);
			name = "Check Pods Manifest.lock";
			outputPaths = (
			);
			runOnlyForDeploymentPostprocessing = 0;
			shellPath = /bin/sh;
			shellScript = "diff \"${PODS_ROOT}/../Podfile.lock\" \"${PODS_ROOT}/Manifest.lock\" > /dev/null\nif [[ $? != 0 ]] ; then\n    cat << EOM\nerror: The sandbox is not in sync with the Podfile.lock. Run 'pod install' or update your CocoaPods installation.\nEOM\n    exit 1\nfi\n";
			showEnvVarsInLog = 0;
		};
/* End PBXShellScriptBuildPhase section */

/* Begin PBXSourcesBuildPhase section */
		FB4A454D1C6FB68B005CF95C /* Sources */ = {
			isa = PBXSourcesBuildPhase;
			buildActionMask = 2147483647;
			files = (
				FB4A457C1C6FBB66005CF95C /* ExampleTableViewCell.m in Sources */,
				FB4A45721C6FB6F0005CF95C /* ExampleTablePresenter.m in Sources */,
				EC8EAA061C7B1D4D000669C0 /* SpotFeedbackTableViewCell.m in Sources */,
				ECA84FDB1C6FC6FD00B7A47D /* MyProfileViewController.m in Sources */,
				ECA84FE11C70207400B7A47D /* UIColor+AllColors.m in Sources */,
				EC8EA9E31C74609C000669C0 /* TestViewController.m in Sources */,
				EC8EA9F71C7AE6EB000669C0 /* UserListViewController.m in Sources */,
				FB4A45781C6FB710005CF95C /* ExampleTableView.m in Sources */,
				FB4A456F1C6FB6E3005CF95C /* ExampleTableWireframe.m in Sources */,
				EC8EA9FA1C7AEA0D000669C0 /* UserListTableCell.m in Sources */,
				FB4A45591C6FB68B005CF95C /* AppDelegate.m in Sources */,
				FB4A45751C6FB6FF005CF95C /* ExampleTableInteractor.m in Sources */,
				EC8EA9ED1C78A08F000669C0 /* UsersProfileViewController.m in Sources */,
				FB4A45561C6FB68B005CF95C /* main.m in Sources */,
				EC8EAA031C7AFB30000669C0 /* SpotFeedbackViewController.m in Sources */,
			);
			runOnlyForDeploymentPostprocessing = 0;
		};
/* End PBXSourcesBuildPhase section */

/* Begin XCBuildConfiguration section */
		FB4A45661C6FB68B005CF95C /* Debug */ = {
			isa = XCBuildConfiguration;
			buildSettings = {
				ALWAYS_SEARCH_USER_PATHS = NO;
				CLANG_CXX_LANGUAGE_STANDARD = "gnu++0x";
				CLANG_CXX_LIBRARY = "libc++";
				CLANG_ENABLE_MODULES = YES;
				CLANG_ENABLE_OBJC_ARC = YES;
				CLANG_WARN_BOOL_CONVERSION = YES;
				CLANG_WARN_CONSTANT_CONVERSION = YES;
				CLANG_WARN_DIRECT_OBJC_ISA_USAGE = YES_ERROR;
				CLANG_WARN_EMPTY_BODY = YES;
				CLANG_WARN_ENUM_CONVERSION = YES;
				CLANG_WARN_INT_CONVERSION = YES;
				CLANG_WARN_OBJC_ROOT_CLASS = YES_ERROR;
				CLANG_WARN_UNREACHABLE_CODE = YES;
				CLANG_WARN__DUPLICATE_METHOD_MATCH = YES;
				"CODE_SIGN_IDENTITY[sdk=iphoneos*]" = "iPhone Developer";
				COPY_PHASE_STRIP = NO;
				DEBUG_INFORMATION_FORMAT = dwarf;
				ENABLE_STRICT_OBJC_MSGSEND = YES;
				ENABLE_TESTABILITY = YES;
				GCC_C_LANGUAGE_STANDARD = gnu99;
				GCC_DYNAMIC_NO_PIC = NO;
				GCC_NO_COMMON_BLOCKS = YES;
				GCC_OPTIMIZATION_LEVEL = 0;
				GCC_PREPROCESSOR_DEFINITIONS = (
					"DEBUG=1",
					"$(inherited)",
				);
				GCC_WARN_64_TO_32_BIT_CONVERSION = YES;
				GCC_WARN_ABOUT_RETURN_TYPE = YES_ERROR;
				GCC_WARN_UNDECLARED_SELECTOR = YES;
				GCC_WARN_UNINITIALIZED_AUTOS = YES_AGGRESSIVE;
				GCC_WARN_UNUSED_FUNCTION = YES;
				GCC_WARN_UNUSED_VARIABLE = YES;
				IPHONEOS_DEPLOYMENT_TARGET = 9.2;
				MTL_ENABLE_DEBUG_INFO = YES;
				ONLY_ACTIVE_ARCH = YES;
				SDKROOT = iphoneos;
				TARGETED_DEVICE_FAMILY = "1,2";
			};
			name = Debug;
		};
		FB4A45671C6FB68B005CF95C /* Release */ = {
			isa = XCBuildConfiguration;
			buildSettings = {
				ALWAYS_SEARCH_USER_PATHS = NO;
				CLANG_CXX_LANGUAGE_STANDARD = "gnu++0x";
				CLANG_CXX_LIBRARY = "libc++";
				CLANG_ENABLE_MODULES = YES;
				CLANG_ENABLE_OBJC_ARC = YES;
				CLANG_WARN_BOOL_CONVERSION = YES;
				CLANG_WARN_CONSTANT_CONVERSION = YES;
				CLANG_WARN_DIRECT_OBJC_ISA_USAGE = YES_ERROR;
				CLANG_WARN_EMPTY_BODY = YES;
				CLANG_WARN_ENUM_CONVERSION = YES;
				CLANG_WARN_INT_CONVERSION = YES;
				CLANG_WARN_OBJC_ROOT_CLASS = YES_ERROR;
				CLANG_WARN_UNREACHABLE_CODE = YES;
				CLANG_WARN__DUPLICATE_METHOD_MATCH = YES;
				"CODE_SIGN_IDENTITY[sdk=iphoneos*]" = "iPhone Developer";
				COPY_PHASE_STRIP = NO;
				DEBUG_INFORMATION_FORMAT = "dwarf-with-dsym";
				ENABLE_NS_ASSERTIONS = NO;
				ENABLE_STRICT_OBJC_MSGSEND = YES;
				GCC_C_LANGUAGE_STANDARD = gnu99;
				GCC_NO_COMMON_BLOCKS = YES;
				GCC_WARN_64_TO_32_BIT_CONVERSION = YES;
				GCC_WARN_ABOUT_RETURN_TYPE = YES_ERROR;
				GCC_WARN_UNDECLARED_SELECTOR = YES;
				GCC_WARN_UNINITIALIZED_AUTOS = YES_AGGRESSIVE;
				GCC_WARN_UNUSED_FUNCTION = YES;
				GCC_WARN_UNUSED_VARIABLE = YES;
				IPHONEOS_DEPLOYMENT_TARGET = 9.2;
				MTL_ENABLE_DEBUG_INFO = NO;
				SDKROOT = iphoneos;
				TARGETED_DEVICE_FAMILY = "1,2";
				VALIDATE_PRODUCT = YES;
			};
			name = Release;
		};
		FB4A45691C6FB68B005CF95C /* Debug */ = {
			isa = XCBuildConfiguration;
			baseConfigurationReference = CB79FE431AD4F17E5FE37374 /* Pods-WindyModules.debug.xcconfig */;
			buildSettings = {
				ASSETCATALOG_COMPILER_APPICON_NAME = AppIcon;
				INFOPLIST_FILE = WindyModules/Info.plist;
				LD_RUNPATH_SEARCH_PATHS = "$(inherited) @executable_path/Frameworks";
				PRODUCT_BUNDLE_IDENTIFIER = ru.ratcat.WindyModules;
				PRODUCT_NAME = "$(TARGET_NAME)";
			};
			name = Debug;
		};
		FB4A456A1C6FB68B005CF95C /* Release */ = {
			isa = XCBuildConfiguration;
			baseConfigurationReference = 9012BE71F1674365B26042F6 /* Pods-WindyModules.release.xcconfig */;
			buildSettings = {
				ASSETCATALOG_COMPILER_APPICON_NAME = AppIcon;
				INFOPLIST_FILE = WindyModules/Info.plist;
				LD_RUNPATH_SEARCH_PATHS = "$(inherited) @executable_path/Frameworks";
				PRODUCT_BUNDLE_IDENTIFIER = ru.ratcat.WindyModules;
				PRODUCT_NAME = "$(TARGET_NAME)";
			};
			name = Release;
		};
/* End XCBuildConfiguration section */

/* Begin XCConfigurationList section */
		FB4A454C1C6FB68B005CF95C /* Build configuration list for PBXProject "WindyModules" */ = {
			isa = XCConfigurationList;
			buildConfigurations = (
				FB4A45661C6FB68B005CF95C /* Debug */,
				FB4A45671C6FB68B005CF95C /* Release */,
			);
			defaultConfigurationIsVisible = 0;
			defaultConfigurationName = Release;
		};
		FB4A45681C6FB68B005CF95C /* Build configuration list for PBXNativeTarget "WindyModules" */ = {
			isa = XCConfigurationList;
			buildConfigurations = (
				FB4A45691C6FB68B005CF95C /* Debug */,
				FB4A456A1C6FB68B005CF95C /* Release */,
			);
			defaultConfigurationIsVisible = 0;
			defaultConfigurationName = Release;
		};
/* End XCConfigurationList section */
	};
	rootObject = FB4A45491C6FB68B005CF95C /* Project object */;
}
